
Microsoft Visual Studio Solution File, Format Version 12.00
# Visual Studio 14
VisualStudioVersion = 14.0.25420.1
MinimumVisualStudioVersion = 10.0.40219.1
Project("{8BC9CEB8-8B4A-11D0-8D11-00A0C91BC942}") = "01_HelloWorld", "01_HelloWorld\01_HelloWorld.vcxproj", "{5AF53023-4779-4CF6-BF6B-F31A57A5227A}"
EndProject
Project("{8BC9CEB8-8B4A-11D0-8D11-00A0C91BC942}") = "02_Variable", "02_Variable\02_Variable.vcxproj", "{703A9DA7-15A3-4857-973E-DE7352A10BE8}"
EndProject
Project("{8BC9CEB8-8B4A-11D0-8D11-00A0C91BC942}") = "03_InputOutput", "03_InputOutput\03_InputOutput.vcxproj", "{432A6A68-B70C-4E9B-8749-EDFAF1B18C6C}"
EndProject
Project("{8BC9CEB8-8B4A-11D0-8D11-00A0C91BC942}") = "04_Operator", "04_Operator\04_Operator.vcxproj", "{502DE7C5-DE60-437A-9C1F-5BF6E0E6CA6A}"
EndProject
Project("{8BC9CEB8-8B4A-11D0-8D11-00A0C91BC942}") = "05_Conditional", "05_Conditional\05_Conditional.vcxproj", "{A7C6144E-A2DA-4B6A-B85E-140F5CF53589}"
EndProject
Project("{8BC9CEB8-8B4A-11D0-8D11-00A0C91BC942}") = "06_Loop", "06_lOOP\06_lOOP.vcxproj", "{54C7DC25-749E-42E3-9508-46BEEC084F25}"
EndProject
Project("{8BC9CEB8-8B4A-11D0-8D11-00A0C91BC942}") = "07_Function", "07_Function\07_Function.vcxproj", "{300D0D19-E440-476A-9B50-AC8E3B1EE8CC}"
EndProject
Project("{8BC9CEB8-8B4A-11D0-8D11-00A0C91BC942}") = "08_Array", "08_Array\08_Array.vcxproj", "{982FEABC-CD41-4D40-AED4-F253EC9696A4}"
EndProject
Project("{8BC9CEB8-8B4A-11D0-8D11-00A0C91BC942}") = "09_Pointer", "09_Pointer\09_Pointer.vcxproj", "{E5A447CA-1B6C-4700-ABEB-E54D916C92EA}"
EndProject
Project("{8BC9CEB8-8B4A-11D0-8D11-00A0C91BC942}") = "10_String", "10_String\10_String.vcxproj", "{5E2488BB-DC56-4CB1-8835-14206095C13B}"
EndProject
Project("{8BC9CEB8-8B4A-11D0-8D11-00A0C91BC942}") = "11_Struct", "11_Struct\11_Struct.vcxproj", "{F72CC9E4-28D2-4E0B-A01B-EF9150D4BB77}"
EndProject
Global
	GlobalSection(SolutionConfigurationPlatforms) = preSolution
		Debug|x64 = Debug|x64
		Debug|x86 = Debug|x86
		Release|x64 = Release|x64
		Release|x86 = Release|x86
	EndGlobalSection
	GlobalSection(ProjectConfigurationPlatforms) = postSolution
		{5AF53023-4779-4CF6-BF6B-F31A57A5227A}.Debug|x64.ActiveCfg = Debug|x64
		{5AF53023-4779-4CF6-BF6B-F31A57A5227A}.Debug|x64.Build.0 = Debug|x64
		{5AF53023-4779-4CF6-BF6B-F31A57A5227A}.Debug|x86.ActiveCfg = Debug|Win32
		{5AF53023-4779-4CF6-BF6B-F31A57A5227A}.Debug|x86.Build.0 = Debug|Win32
		{5AF53023-4779-4CF6-BF6B-F31A57A5227A}.Release|x64.ActiveCfg = Release|x64
		{5AF53023-4779-4CF6-BF6B-F31A57A5227A}.Release|x64.Build.0 = Release|x64
		{5AF53023-4779-4CF6-BF6B-F31A57A5227A}.Release|x86.ActiveCfg = Release|Win32
		{5AF53023-4779-4CF6-BF6B-F31A57A5227A}.Release|x86.Build.0 = Release|Win32
		{703A9DA7-15A3-4857-973E-DE7352A10BE8}.Debug|x64.ActiveCfg = Debug|x64
		{703A9DA7-15A3-4857-973E-DE7352A10BE8}.Debug|x64.Build.0 = Debug|x64
		{703A9DA7-15A3-4857-973E-DE7352A10BE8}.Debug|x86.ActiveCfg = Debug|Win32
		{703A9DA7-15A3-4857-973E-DE7352A10BE8}.Debug|x86.Build.0 = Debug|Win32
		{703A9DA7-15A3-4857-973E-DE7352A10BE8}.Release|x64.ActiveCfg = Release|x64
		{703A9DA7-15A3-4857-973E-DE7352A10BE8}.Release|x64.Build.0 = Release|x64
		{703A9DA7-15A3-4857-973E-DE7352A10BE8}.Release|x86.ActiveCfg = Release|Win32
		{703A9DA7-15A3-4857-973E-DE7352A10BE8}.Release|x86.Build.0 = Release|Win32
		{432A6A68-B70C-4E9B-8749-EDFAF1B18C6C}.Debug|x64.ActiveCfg = Debug|x64
		{432A6A68-B70C-4E9B-8749-EDFAF1B18C6C}.Debug|x64.Build.0 = Debug|x64
		{432A6A68-B70C-4E9B-8749-EDFAF1B18C6C}.Debug|x86.ActiveCfg = Debug|Win32
		{432A6A68-B70C-4E9B-8749-EDFAF1B18C6C}.Debug|x86.Build.0 = Debug|Win32
		{432A6A68-B70C-4E9B-8749-EDFAF1B18C6C}.Release|x64.ActiveCfg = Release|x64
		{432A6A68-B70C-4E9B-8749-EDFAF1B18C6C}.Release|x64.Build.0 = Release|x64
		{432A6A68-B70C-4E9B-8749-EDFAF1B18C6C}.Release|x86.ActiveCfg = Release|Win32
		{432A6A68-B70C-4E9B-8749-EDFAF1B18C6C}.Release|x86.Build.0 = Release|Win32
		{502DE7C5-DE60-437A-9C1F-5BF6E0E6CA6A}.Debug|x64.ActiveCfg = Debug|x64
		{502DE7C5-DE60-437A-9C1F-5BF6E0E6CA6A}.Debug|x64.Build.0 = Debug|x64
		{502DE7C5-DE60-437A-9C1F-5BF6E0E6CA6A}.Debug|x86.ActiveCfg = Debug|Win32
		{502DE7C5-DE60-437A-9C1F-5BF6E0E6CA6A}.Debug|x86.Build.0 = Debug|Win32
		{502DE7C5-DE60-437A-9C1F-5BF6E0E6CA6A}.Release|x64.ActiveCfg = Release|x64
		{502DE7C5-DE60-437A-9C1F-5BF6E0E6CA6A}.Release|x64.Build.0 = Release|x64
		{502DE7C5-DE60-437A-9C1F-5BF6E0E6CA6A}.Release|x86.ActiveCfg = Release|Win32
		{502DE7C5-DE60-437A-9C1F-5BF6E0E6CA6A}.Release|x86.Build.0 = Release|Win32
		{A7C6144E-A2DA-4B6A-B85E-140F5CF53589}.Debug|x64.ActiveCfg = Debug|x64
		{A7C6144E-A2DA-4B6A-B85E-140F5CF53589}.Debug|x64.Build.0 = Debug|x64
		{A7C6144E-A2DA-4B6A-B85E-140F5CF53589}.Debug|x86.ActiveCfg = Debug|Win32
		{A7C6144E-A2DA-4B6A-B85E-140F5CF53589}.Debug|x86.Build.0 = Debug|Win32
		{A7C6144E-A2DA-4B6A-B85E-140F5CF53589}.Release|x64.ActiveCfg = Release|x64
		{A7C6144E-A2DA-4B6A-B85E-140F5CF53589}.Release|x64.Build.0 = Release|x64
		{A7C6144E-A2DA-4B6A-B85E-140F5CF53589}.Release|x86.ActiveCfg = Release|Win32
		{A7C6144E-A2DA-4B6A-B85E-140F5CF53589}.Release|x86.Build.0 = Release|Win32
		{54C7DC25-749E-42E3-9508-46BEEC084F25}.Debug|x64.ActiveCfg = Debug|x64
		{54C7DC25-749E-42E3-9508-46BEEC084F25}.Debug|x64.Build.0 = Debug|x64
		{54C7DC25-749E-42E3-9508-46BEEC084F25}.Debug|x86.ActiveCfg = Debug|Win32
		{54C7DC25-749E-42E3-9508-46BEEC084F25}.Debug|x86.Build.0 = Debug|Win32
		{54C7DC25-749E-42E3-9508-46BEEC084F25}.Release|x64.ActiveCfg = Release|x64
		{54C7DC25-749E-42E3-9508-46BEEC084F25}.Release|x64.Build.0 = Release|x64
		{54C7DC25-749E-42E3-9508-46BEEC084F25}.Release|x86.ActiveCfg = Release|Win32
		{54C7DC25-749E-42E3-9508-46BEEC084F25}.Release|x86.Build.0 = Release|Win32
		{300D0D19-E440-476A-9B50-AC8E3B1EE8CC}.Debug|x64.ActiveCfg = Debug|x64
		{300D0D19-E440-476A-9B50-AC8E3B1EE8CC}.Debug|x64.Build.0 = Debug|x64
		{300D0D19-E440-476A-9B50-AC8E3B1EE8CC}.Debug|x86.ActiveCfg = Debug|Win32
		{300D0D19-E440-476A-9B50-AC8E3B1EE8CC}.Debug|x86.Build.0 = Debug|Win32
		{300D0D19-E440-476A-9B50-AC8E3B1EE8CC}.Release|x64.ActiveCfg = Release|x64
		{300D0D19-E440-476A-9B50-AC8E3B1EE8CC}.Release|x64.Build.0 = Release|x64
		{300D0D19-E440-476A-9B50-AC8E3B1EE8CC}.Release|x86.ActiveCfg = Release|Win32
		{300D0D19-E440-476A-9B50-AC8E3B1EE8CC}.Release|x86.Build.0 = Release|Win32
		{982FEABC-CD41-4D40-AED4-F253EC9696A4}.Debug|x64.ActiveCfg = Debug|x64
		{982FEABC-CD41-4D40-AED4-F253EC9696A4}.Debug|x64.Build.0 = Debug|x64
		{982FEABC-CD41-4D40-AED4-F253EC9696A4}.Debug|x86.ActiveCfg = Debug|Win32
		{982FEABC-CD41-4D40-AED4-F253EC9696A4}.Debug|x86.Build.0 = Debug|Win32
		{982FEABC-CD41-4D40-AED4-F253EC9696A4}.Release|x64.ActiveCfg = Release|x64
		{982FEABC-CD41-4D40-AED4-F253EC9696A4}.Release|x64.Build.0 = Release|x64
		{982FEABC-CD41-4D40-AED4-F253EC9696A4}.Release|x86.ActiveCfg = Release|Win32
		{982FEABC-CD41-4D40-AED4-F253EC9696A4}.Release|x86.Build.0 = Release|Win32
		{E5A447CA-1B6C-4700-ABEB-E54D916C92EA}.Debug|x64.ActiveCfg = Debug|x64
		{E5A447CA-1B6C-4700-ABEB-E54D916C92EA}.Debug|x64.Build.0 = Debug|x64
		{E5A447CA-1B6C-4700-ABEB-E54D916C92EA}.Debug|x86.ActiveCfg = Debug|Win32
		{E5A447CA-1B6C-4700-ABEB-E54D916C92EA}.Debug|x86.Build.0 = Debug|Win32
		{E5A447CA-1B6C-4700-ABEB-E54D916C92EA}.Release|x64.ActiveCfg = Release|x64
		{E5A447CA-1B6C-4700-ABEB-E54D916C92EA}.Release|x64.Build.0 = Release|x64
		{E5A447CA-1B6C-4700-ABEB-E54D916C92EA}.Release|x86.ActiveCfg = Release|Win32
		{E5A447CA-1B6C-4700-ABEB-E54D916C92EA}.Release|x86.Build.0 = Release|Win32
		{5E2488BB-DC56-4CB1-8835-14206095C13B}.Debug|x64.ActiveCfg = Debug|x64
		{5E2488BB-DC56-4CB1-8835-14206095C13B}.Debug|x64.Build.0 = Debug|x64
		{5E2488BB-DC56-4CB1-8835-14206095C13B}.Debug|x86.ActiveCfg = Debug|Win32
		{5E2488BB-DC56-4CB1-8835-14206095C13B}.Debug|x86.Build.0 = Debug|Win32
		{5E2488BB-DC56-4CB1-8835-14206095C13B}.Release|x64.ActiveCfg = Release|x64
		{5E2488BB-DC56-4CB1-8835-14206095C13B}.Release|x64.Build.0 = Release|x64
		{5E2488BB-DC56-4CB1-8835-14206095C13B}.Release|x86.ActiveCfg = Release|Win32
		{5E2488BB-DC56-4CB1-8835-14206095C13B}.Release|x86.Build.0 = Release|Win32
		{F72CC9E4-28D2-4E0B-A01B-EF9150D4BB77}.Debug|x64.ActiveCfg = Debug|x64
		{F72CC9E4-28D2-4E0B-A01B-EF9150D4BB77}.Debug|x64.Build.0 = Debug|x64
		{F72CC9E4-28D2-4E0B-A01B-EF9150D4BB77}.Debug|x86.ActiveCfg = Debug|Win32
		{F72CC9E4-28D2-4E0B-A01B-EF9150D4BB77}.Debug|x86.Build.0 = Debug|Win32
		{F72CC9E4-28D2-4E0B-A01B-EF9150D4BB77}.Release|x64.ActiveCfg = Release|x64
		{F72CC9E4-28D2-4E0B-A01B-EF9150D4BB77}.Release|x64.Build.0 = Release|x64
		{F72CC9E4-28D2-4E0B-A01B-EF9150D4BB77}.Release|x86.ActiveCfg = Release|Win32
		{F72CC9E4-28D2-4E0B-A01B-EF9150D4BB77}.Release|x86.Build.0 = Release|Win32
	EndGlobalSection
	GlobalSection(SolutionProperties) = preSolution
		HideSolutionNode = FALSE
	EndGlobalSection
EndGlobal
