
Microsoft Visual Studio Solution File, Format Version 12.00
# Visual Studio 14
VisualStudioVersion = 14.0.25420.1
MinimumVisualStudioVersion = 10.0.40219.1
Project("{8BC9CEB8-8B4A-11D0-8D11-00A0C91BC942}") = "01_HelloWorld", "01_HelloWorld\01_HelloWorld.vcxproj", "{5AF53023-4779-4CF6-BF6B-F31A57A5227A}"
EndProject
Project("{8BC9CEB8-8B4A-11D0-8D11-00A0C91BC942}") = "02_Variable", "02_Variable\02_Variable.vcxproj", "{703A9DA7-15A3-4857-973E-DE7352A10BE8}"
EndProject
Project("{8BC9CEB8-8B4A-11D0-8D11-00A0C91BC942}") = "03_InputOutput", "03_InputOutput\03_InputOutput.vcxproj", "{432A6A68-B70C-4E9B-8749-EDFAF1B18C6C}"
EndProject
Global
	GlobalSection(SolutionConfigurationPlatforms) = preSolution
		Debug|x64 = Debug|x64
		Debug|x86 = Debug|x86
		Release|x64 = Release|x64
		Release|x86 = Release|x86
	EndGlobalSection
	GlobalSection(ProjectConfigurationPlatforms) = postSolution
		{5AF53023-4779-4CF6-BF6B-F31A57A5227A}.Debug|x64.ActiveCfg = Debug|x64
		{5AF53023-4779-4CF6-BF6B-F31A57A5227A}.Debug|x64.Build.0 = Debug|x64
		{5AF53023-4779-4CF6-BF6B-F31A57A5227A}.Debug|x86.ActiveCfg = Debug|Win32
		{5AF53023-4779-4CF6-BF6B-F31A57A5227A}.Debug|x86.Build.0 = Debug|Win32
		{5AF53023-4779-4CF6-BF6B-F31A57A5227A}.Release|x64.ActiveCfg = Release|x64
		{5AF53023-4779-4CF6-BF6B-F31A57A5227A}.Release|x64.Build.0 = Release|x64
		{5AF53023-4779-4CF6-BF6B-F31A57A5227A}.Release|x86.ActiveCfg = Release|Win32
		{5AF53023-4779-4CF6-BF6B-F31A57A5227A}.Release|x86.Build.0 = Release|Win32
		{703A9DA7-15A3-4857-973E-DE7352A10BE8}.Debug|x64.ActiveCfg = Debug|x64
		{703A9DA7-15A3-4857-973E-DE7352A10BE8}.Debug|x64.Build.0 = Debug|x64
		{703A9DA7-15A3-4857-973E-DE7352A10BE8}.Debug|x86.ActiveCfg = Debug|Win32
		{703A9DA7-15A3-4857-973E-DE7352A10BE8}.Debug|x86.Build.0 = Debug|Win32
		{703A9DA7-15A3-4857-973E-DE7352A10BE8}.Release|x64.ActiveCfg = Release|x64
		{703A9DA7-15A3-4857-973E-DE7352A10BE8}.Release|x64.Build.0 = Release|x64
		{703A9DA7-15A3-4857-973E-DE7352A10BE8}.Release|x86.ActiveCfg = Release|Win32
		{703A9DA7-15A3-4857-973E-DE7352A10BE8}.Release|x86.Build.0 = Release|Win32
		{432A6A68-B70C-4E9B-8749-EDFAF1B18C6C}.Debug|x64.ActiveCfg = Debug|x64
		{432A6A68-B70C-4E9B-8749-EDFAF1B18C6C}.Debug|x64.Build.0 = Debug|x64
		{432A6A68-B70C-4E9B-8749-EDFAF1B18C6C}.Debug|x86.ActiveCfg = Debug|Win32
		{432A6A68-B70C-4E9B-8749-EDFAF1B18C6C}.Debug|x86.Build.0 = Debug|Win32
		{432A6A68-B70C-4E9B-8749-EDFAF1B18C6C}.Release|x64.ActiveCfg = Release|x64
		{432A6A68-B70C-4E9B-8749-EDFAF1B18C6C}.Release|x64.Build.0 = Release|x64
		{432A6A68-B70C-4E9B-8749-EDFAF1B18C6C}.Release|x86.ActiveCfg = Release|Win32
		{432A6A68-B70C-4E9B-8749-EDFAF1B18C6C}.Release|x86.Build.0 = Release|Win32
	EndGlobalSection
	GlobalSection(SolutionProperties) = preSolution
		HideSolutionNode = FALSE
	EndGlobalSection
EndGlobal
